{
  "name": "mcp-repotest",
  "version": "1.0.0",
  "lockfileVersion": 3,
  "requires": true,
  "packages": {
    "": {
      "name": "mcp-repotest",
      "version": "1.0.0",
      "dependencies": {
        "@acme/mcp-server": "0.1.0",
        "@modelcontextprotocol/express": "2.0.0-alpha.0",
        "@modelcontextprotocol/node": "2.0.0-alpha.0",
        "@modelcontextprotocol/server": "2.0.0-alpha.0",
        "express": "4.19.2",
        "zod": "3.23.8"
      }
    },
    "node_modules/@acme/mcp-server": {
      "version": "0.1.0",
      "resolved": "https://registry.npmjs.org/@acme/mcp-server/-/mcp-server-0.1.0.tgz"
    },
    "node_modules/@modelcontextprotocol/express": {
      "version": "2.0.0-alpha.0",
      "resolved": "https://registry.npmjs.org/@modelcontextprotocol/express/-/express-2.0.0-alpha.0.tgz"
    },
    "node_modules/@modelcontextprotocol/node": {
      "version": "2.0.0-alpha.0",
      "resolved": "https://registry.npmjs.org/@modelcontextprotocol/node/-/node-2.0.0-alpha.0.tgz"
    },
    "node_modules/@modelcontextprotocol/server": {
      "version": "2.0.0-alpha.0",
      "resolved": "https://registry.npmjs.org/@modelcontextprotocol/server/-/server-2.0.0-alpha.0.tgz"
    },
    "node_modules/express": {
      "version": "4.19.2",
      "resolved": "https://registry.npmjs.org/express/-/express-4.19.2.tgz"
    },
    "node_modules/zod": {
      "version": "3.23.8",
      "resolved": "https://registry.npmjs.org/zod/-/zod-3.23.8.tgz"
    }
  }
}
